
Microsoft Visual Studio Solution File, Format Version 12.00
# Visual Studio 15
VisualStudioVersion = 15.0.27703.2042
MinimumVisualStudioVersion = 10.0.40219.1
Project("{FAE04EC0-301F-11D3-BF4B-00C04F79EFBC}") = "MoneyManager", "MoneyManager.csproj", "{D4FD42ED-E1A3-4D84-BBD9-DF994E18FF06}"
EndProject
Project("{FAE04EC0-301F-11D3-BF4B-00C04F79EFBC}") = "MoneyManagerLibrary", "MoneyManagerLibrary\MoneyManagerLibrary.csproj", "{61212D50-515C-41D2-A672-B680A4BFBAFB}"
EndProject
Global
	GlobalSection(SolutionConfigurationPlatforms) = preSolution
		Debug|Any CPU = Debug|Any CPU
		Release|Any CPU = Release|Any CPU
	EndGlobalSection
	GlobalSection(ProjectConfigurationPlatforms) = postSolution
		{D4FD42ED-E1A3-4D84-BBD9-DF994E18FF06}.Debug|Any CPU.ActiveCfg = Debug|Any CPU
		{D4FD42ED-E1A3-4D84-BBD9-DF994E18FF06}.Debug|Any CPU.Build.0 = Debug|Any CPU
		{D4FD42ED-E1A3-4D84-BBD9-DF994E18FF06}.Release|Any CPU.ActiveCfg = Release|Any CPU
		{D4FD42ED-E1A3-4D84-BBD9-DF994E18FF06}.Release|Any CPU.Build.0 = Release|Any CPU
		{61212D50-515C-41D2-A672-B680A4BFBAFB}.Debug|Any CPU.ActiveCfg = Debug|Any CPU
		{61212D50-515C-41D2-A672-B680A4BFBAFB}.Debug|Any CPU.Build.0 = Debug|Any CPU
		{61212D50-515C-41D2-A672-B680A4BFBAFB}.Release|Any CPU.ActiveCfg = Release|Any CPU
		{61212D50-515C-41D2-A672-B680A4BFBAFB}.Release|Any CPU.Build.0 = Release|Any CPU
	EndGlobalSection
	GlobalSection(SolutionProperties) = preSolution
		HideSolutionNode = FALSE
	EndGlobalSection
	GlobalSection(ExtensibilityGlobals) = postSolution
		SolutionGuid = {22073E82-CCE9-4DB2-B989-C59C1D8D7492}
	EndGlobalSection
EndGlobal
